// !$*UTF8*$!
{
	archiveVersion = 1;
	classes = {
	};
	objectVersion = 56;
	objects = {

/* Begin PBXBuildFile section */
		2DEC1B9948F7ACF53B3A915C /* Pods_WorldWondersTests.framework in Frameworks */ = {isa = PBXBuildFile; fileRef = 3E2EA454C885CBB75845400D /* Pods_WorldWondersTests.framework */; };
		656FC99D08994CBA95038837 /* Pods_WorldWonders_WorldWondersUITests.framework in Frameworks */ = {isa = PBXBuildFile; fileRef = DAFE808E7918618BC70B1491 /* Pods_WorldWonders_WorldWondersUITests.framework */; };
		88785B3229DD2E370033ECB6 /* AppDelegate.swift in Sources */ = {isa = PBXBuildFile; fileRef = 88785B3129DD2E370033ECB6 /* AppDelegate.swift */; };
		88785B3429DD2E370033ECB6 /* SceneDelegate.swift in Sources */ = {isa = PBXBuildFile; fileRef = 88785B3329DD2E370033ECB6 /* SceneDelegate.swift */; };
		88785B3629DD2E370033ECB6 /* ViewController.swift in Sources */ = {isa = PBXBuildFile; fileRef = 88785B3529DD2E370033ECB6 /* ViewController.swift */; };
		88785B3929DD2E370033ECB6 /* Main.storyboard in Resources */ = {isa = PBXBuildFile; fileRef = 88785B3729DD2E370033ECB6 /* Main.storyboard */; };
		88785B3B29DD2E380033ECB6 /* Assets.xcassets in Resources */ = {isa = PBXBuildFile; fileRef = 88785B3A29DD2E380033ECB6 /* Assets.xcassets */; };
		88785B3E29DD2E380033ECB6 /* LaunchScreen.storyboard in Resources */ = {isa = PBXBuildFile; fileRef = 88785B3C29DD2E380033ECB6 /* LaunchScreen.storyboard */; };
		88785B4929DD2E380033ECB6 /* WorldWondersTests.swift in Sources */ = {isa = PBXBuildFile; fileRef = 88785B4829DD2E380033ECB6 /* WorldWondersTests.swift */; };
		88785B5329DD2E380033ECB6 /* WorldWondersUITests.swift in Sources */ = {isa = PBXBuildFile; fileRef = 88785B5229DD2E380033ECB6 /* WorldWondersUITests.swift */; };
		88785B5529DD2E380033ECB6 /* WorldWondersUITestsLaunchTests.swift in Sources */ = {isa = PBXBuildFile; fileRef = 88785B5429DD2E380033ECB6 /* WorldWondersUITestsLaunchTests.swift */; };
		88785B6229DE93700033ECB6 /* TableViewController.swift in Sources */ = {isa = PBXBuildFile; fileRef = 88785B6129DE93700033ECB6 /* TableViewController.swift */; };
		88785B6429DE93980033ECB6 /* WonderTableViewCell.swift in Sources */ = {isa = PBXBuildFile; fileRef = 88785B6329DE93980033ECB6 /* WonderTableViewCell.swift */; };
		88785B6629DE97BF0033ECB6 /* WorldWonder.swift in Sources */ = {isa = PBXBuildFile; fileRef = 88785B6529DE97BF0033ECB6 /* WorldWonder.swift */; };
		E3D60565757E234FC50D33AF /* Pods_WorldWonders.framework in Frameworks */ = {isa = PBXBuildFile; fileRef = C7C89A7B6E18039851D7696D /* Pods_WorldWonders.framework */; };
/* End PBXBuildFile section */

/* Begin PBXContainerItemProxy section */
		88785B4529DD2E380033ECB6 /* PBXContainerItemProxy */ = {
			isa = PBXContainerItemProxy;
			containerPortal = 88785B2629DD2E370033ECB6 /* Project object */;
			proxyType = 1;
			remoteGlobalIDString = 88785B2D29DD2E370033ECB6;
			remoteInfo = WorldWonders;
		};
		88785B4F29DD2E380033ECB6 /* PBXContainerItemProxy */ = {
			isa = PBXContainerItemProxy;
			containerPortal = 88785B2629DD2E370033ECB6 /* Project object */;
			proxyType = 1;
			remoteGlobalIDString = 88785B2D29DD2E370033ECB6;
			remoteInfo = WorldWonders;
		};
/* End PBXContainerItemProxy section */

/* Begin PBXFileReference section */
		1859F6E5B7498C3ABA3C74D5 /* Pods-WorldWonders-WorldWondersUITests.debug.xcconfig */ = {isa = PBXFileReference; includeInIndex = 1; lastKnownFileType = text.xcconfig; name = "Pods-WorldWonders-WorldWondersUITests.debug.xcconfig"; path = "Target Support Files/Pods-WorldWonders-WorldWondersUITests/Pods-WorldWonders-WorldWondersUITests.debug.xcconfig"; sourceTree = "<group>"; };
		206B8BF2D1C848EAEF62A0D9 /* Pods-WorldWonders-WorldWondersUITests.release.xcconfig */ = {isa = PBXFileReference; includeInIndex = 1; lastKnownFileType = text.xcconfig; name = "Pods-WorldWonders-WorldWondersUITests.release.xcconfig"; path = "Target Support Files/Pods-WorldWonders-WorldWondersUITests/Pods-WorldWonders-WorldWondersUITests.release.xcconfig"; sourceTree = "<group>"; };
		2F34F0BF6265791CF78DADE5 /* Pods-WorldWonders.debug.xcconfig */ = {isa = PBXFileReference; includeInIndex = 1; lastKnownFileType = text.xcconfig; name = "Pods-WorldWonders.debug.xcconfig"; path = "Target Support Files/Pods-WorldWonders/Pods-WorldWonders.debug.xcconfig"; sourceTree = "<group>"; };
		34815925002F9798FBE89D7C /* Pods-WorldWondersTests.debug.xcconfig */ = {isa = PBXFileReference; includeInIndex = 1; lastKnownFileType = text.xcconfig; name = "Pods-WorldWondersTests.debug.xcconfig"; path = "Target Support Files/Pods-WorldWondersTests/Pods-WorldWondersTests.debug.xcconfig"; sourceTree = "<group>"; };
		3E2EA454C885CBB75845400D /* Pods_WorldWondersTests.framework */ = {isa = PBXFileReference; explicitFileType = wrapper.framework; includeInIndex = 0; path = Pods_WorldWondersTests.framework; sourceTree = BUILT_PRODUCTS_DIR; };
		88785B2E29DD2E370033ECB6 /* WorldWonders.app */ = {isa = PBXFileReference; explicitFileType = wrapper.application; includeInIndex = 0; path = WorldWonders.app; sourceTree = BUILT_PRODUCTS_DIR; };
		88785B3129DD2E370033ECB6 /* AppDelegate.swift */ = {isa = PBXFileReference; lastKnownFileType = sourcecode.swift; path = AppDelegate.swift; sourceTree = "<group>"; };
		88785B3329DD2E370033ECB6 /* SceneDelegate.swift */ = {isa = PBXFileReference; lastKnownFileType = sourcecode.swift; path = SceneDelegate.swift; sourceTree = "<group>"; };
		88785B3529DD2E370033ECB6 /* ViewController.swift */ = {isa = PBXFileReference; lastKnownFileType = sourcecode.swift; path = ViewController.swift; sourceTree = "<group>"; };
		88785B3829DD2E370033ECB6 /* Base */ = {isa = PBXFileReference; lastKnownFileType = file.storyboard; name = Base; path = Base.lproj/Main.storyboard; sourceTree = "<group>"; };
		88785B3A29DD2E380033ECB6 /* Assets.xcassets */ = {isa = PBXFileReference; lastKnownFileType = folder.assetcatalog; path = Assets.xcassets; sourceTree = "<group>"; };
		88785B3D29DD2E380033ECB6 /* Base */ = {isa = PBXFileReference; lastKnownFileType = file.storyboard; name = Base; path = Base.lproj/LaunchScreen.storyboard; sourceTree = "<group>"; };
		88785B3F29DD2E380033ECB6 /* Info.plist */ = {isa = PBXFileReference; lastKnownFileType = text.plist.xml; path = Info.plist; sourceTree = "<group>"; };
		88785B4429DD2E380033ECB6 /* WorldWondersTests.xctest */ = {isa = PBXFileReference; explicitFileType = wrapper.cfbundle; includeInIndex = 0; path = WorldWondersTests.xctest; sourceTree = BUILT_PRODUCTS_DIR; };
		88785B4829DD2E380033ECB6 /* WorldWondersTests.swift */ = {isa = PBXFileReference; lastKnownFileType = sourcecode.swift; path = WorldWondersTests.swift; sourceTree = "<group>"; };
		88785B4E29DD2E380033ECB6 /* WorldWondersUITests.xctest */ = {isa = PBXFileReference; explicitFileType = wrapper.cfbundle; includeInIndex = 0; path = WorldWondersUITests.xctest; sourceTree = BUILT_PRODUCTS_DIR; };
		88785B5229DD2E380033ECB6 /* WorldWondersUITests.swift */ = {isa = PBXFileReference; lastKnownFileType = sourcecode.swift; path = WorldWondersUITests.swift; sourceTree = "<group>"; };
		88785B5429DD2E380033ECB6 /* WorldWondersUITestsLaunchTests.swift */ = {isa = PBXFileReference; lastKnownFileType = sourcecode.swift; path = WorldWondersUITestsLaunchTests.swift; sourceTree = "<group>"; };
		88785B6129DE93700033ECB6 /* TableViewController.swift */ = {isa = PBXFileReference; lastKnownFileType = sourcecode.swift; path = TableViewController.swift; sourceTree = "<group>"; };
		88785B6329DE93980033ECB6 /* WonderTableViewCell.swift */ = {isa = PBXFileReference; lastKnownFileType = sourcecode.swift; path = WonderTableViewCell.swift; sourceTree = "<group>"; };
		88785B6529DE97BF0033ECB6 /* WorldWonder.swift */ = {isa = PBXFileReference; lastKnownFileType = sourcecode.swift; path = WorldWonder.swift; sourceTree = "<group>"; };
		C7C89A7B6E18039851D7696D /* Pods_WorldWonders.framework */ = {isa = PBXFileReference; explicitFileType = wrapper.framework; includeInIndex = 0; path = Pods_WorldWonders.framework; sourceTree = BUILT_PRODUCTS_DIR; };
		DAFE808E7918618BC70B1491 /* Pods_WorldWonders_WorldWondersUITests.framework */ = {isa = PBXFileReference; explicitFileType = wrapper.framework; includeInIndex = 0; path = Pods_WorldWonders_WorldWondersUITests.framework; sourceTree = BUILT_PRODUCTS_DIR; };
		EABB54C1EDF01838F10772EA /* Pods-WorldWonders.release.xcconfig */ = {isa = PBXFileReference; includeInIndex = 1; lastKnownFileType = text.xcconfig; name = "Pods-WorldWonders.release.xcconfig"; path = "Target Support Files/Pods-WorldWonders/Pods-WorldWonders.release.xcconfig"; sourceTree = "<group>"; };
		F263E92DAEABF756D75C0065 /* Pods-WorldWondersTests.release.xcconfig */ = {isa = PBXFileReference; includeInIndex = 1; lastKnownFileType = text.xcconfig; name = "Pods-WorldWondersTests.release.xcconfig"; path = "Target Support Files/Pods-WorldWondersTests/Pods-WorldWondersTests.release.xcconfig"; sourceTree = "<group>"; };
/* End PBXFileReference section */

/* Begin PBXFrameworksBuildPhase section */
		88785B2B29DD2E370033ECB6 /* Frameworks */ = {
			isa = PBXFrameworksBuildPhase;
			buildActionMask = 2147483647;
			files = (
				E3D60565757E234FC50D33AF /* Pods_WorldWonders.framework in Frameworks */,
			);
			runOnlyForDeploymentPostprocessing = 0;
		};
		88785B4129DD2E380033ECB6 /* Frameworks */ = {
			isa = PBXFrameworksBuildPhase;
			buildActionMask = 2147483647;
			files = (
				2DEC1B9948F7ACF53B3A915C /* Pods_WorldWondersTests.framework in Frameworks */,
			);
			runOnlyForDeploymentPostprocessing = 0;
		};
		88785B4B29DD2E380033ECB6 /* Frameworks */ = {
			isa = PBXFrameworksBuildPhase;
			buildActionMask = 2147483647;
			files = (
				656FC99D08994CBA95038837 /* Pods_WorldWonders_WorldWondersUITests.framework in Frameworks */,
			);
			runOnlyForDeploymentPostprocessing = 0;
		};
/* End PBXFrameworksBuildPhase section */

/* Begin PBXGroup section */
		6517C50BDE3628ABCF649EA3 /* Frameworks */ = {
			isa = PBXGroup;
			children = (
				C7C89A7B6E18039851D7696D /* Pods_WorldWonders.framework */,
				DAFE808E7918618BC70B1491 /* Pods_WorldWonders_WorldWondersUITests.framework */,
				3E2EA454C885CBB75845400D /* Pods_WorldWondersTests.framework */,
			);
			name = Frameworks;
			sourceTree = "<group>";
		};
		88785B2529DD2E370033ECB6 = {
			isa = PBXGroup;
			children = (
				88785B3029DD2E370033ECB6 /* WorldWonders */,
				88785B4729DD2E380033ECB6 /* WorldWondersTests */,
				88785B5129DD2E380033ECB6 /* WorldWondersUITests */,
				88785B2F29DD2E370033ECB6 /* Products */,
				E5AEDCA12D09963AE2E91075 /* Pods */,
				6517C50BDE3628ABCF649EA3 /* Frameworks */,
			);
			sourceTree = "<group>";
		};
		88785B2F29DD2E370033ECB6 /* Products */ = {
			isa = PBXGroup;
			children = (
				88785B2E29DD2E370033ECB6 /* WorldWonders.app */,
				88785B4429DD2E380033ECB6 /* WorldWondersTests.xctest */,
				88785B4E29DD2E380033ECB6 /* WorldWondersUITests.xctest */,
			);
			name = Products;
			sourceTree = "<group>";
		};
		88785B3029DD2E370033ECB6 /* WorldWonders */ = {
			isa = PBXGroup;
			children = (
				88785B3129DD2E370033ECB6 /* AppDelegate.swift */,
				88785B3329DD2E370033ECB6 /* SceneDelegate.swift */,
				88785B3529DD2E370033ECB6 /* ViewController.swift */,
				88785B6129DE93700033ECB6 /* TableViewController.swift */,
				88785B6329DE93980033ECB6 /* WonderTableViewCell.swift */,
				88785B6529DE97BF0033ECB6 /* WorldWonder.swift */,
				88785B3729DD2E370033ECB6 /* Main.storyboard */,
				88785B3A29DD2E380033ECB6 /* Assets.xcassets */,
				88785B3C29DD2E380033ECB6 /* LaunchScreen.storyboard */,
				88785B3F29DD2E380033ECB6 /* Info.plist */,
			);
			path = WorldWonders;
			sourceTree = "<group>";
		};
		88785B4729DD2E380033ECB6 /* WorldWondersTests */ = {
			isa = PBXGroup;
			children = (
				88785B4829DD2E380033ECB6 /* WorldWondersTests.swift */,
			);
			path = WorldWondersTests;
			sourceTree = "<group>";
		};
		88785B5129DD2E380033ECB6 /* WorldWondersUITests */ = {
			isa = PBXGroup;
			children = (
				88785B5229DD2E380033ECB6 /* WorldWondersUITests.swift */,
				88785B5429DD2E380033ECB6 /* WorldWondersUITestsLaunchTests.swift */,
			);
			path = WorldWondersUITests;
			sourceTree = "<group>";
		};
		E5AEDCA12D09963AE2E91075 /* Pods */ = {
			isa = PBXGroup;
			children = (
				2F34F0BF6265791CF78DADE5 /* Pods-WorldWonders.debug.xcconfig */,
				EABB54C1EDF01838F10772EA /* Pods-WorldWonders.release.xcconfig */,
				1859F6E5B7498C3ABA3C74D5 /* Pods-WorldWonders-WorldWondersUITests.debug.xcconfig */,
				206B8BF2D1C848EAEF62A0D9 /* Pods-WorldWonders-WorldWondersUITests.release.xcconfig */,
				34815925002F9798FBE89D7C /* Pods-WorldWondersTests.debug.xcconfig */,
				F263E92DAEABF756D75C0065 /* Pods-WorldWondersTests.release.xcconfig */,
			);
			path = Pods;
			sourceTree = "<group>";
		};
/* End PBXGroup section */

/* Begin PBXNativeTarget section */
		88785B2D29DD2E370033ECB6 /* WorldWonders */ = {
			isa = PBXNativeTarget;
			buildConfigurationList = 88785B5829DD2E380033ECB6 /* Build configuration list for PBXNativeTarget "WorldWonders" */;
			buildPhases = (
				53BAB1FF636EF84A70A9D4B6 /* [CP] Check Pods Manifest.lock */,
				88785B2A29DD2E370033ECB6 /* Sources */,
				88785B2B29DD2E370033ECB6 /* Frameworks */,
				88785B2C29DD2E370033ECB6 /* Resources */,
				984A5FF94372B72F73C41C74 /* [CP] Embed Pods Frameworks */,
			);
			buildRules = (
			);
			dependencies = (
			);
			name = WorldWonders;
			productName = WorldWonders;
			productReference = 88785B2E29DD2E370033ECB6 /* WorldWonders.app */;
			productType = "com.apple.product-type.application";
		};
		88785B4329DD2E380033ECB6 /* WorldWondersTests */ = {
			isa = PBXNativeTarget;
			buildConfigurationList = 88785B5B29DD2E380033ECB6 /* Build configuration list for PBXNativeTarget "WorldWondersTests" */;
			buildPhases = (
				EA55B8FF900766B7B1DD29D0 /* [CP] Check Pods Manifest.lock */,
				88785B4029DD2E380033ECB6 /* Sources */,
				88785B4129DD2E380033ECB6 /* Frameworks */,
				88785B4229DD2E380033ECB6 /* Resources */,
			);
			buildRules = (
			);
			dependencies = (
				88785B4629DD2E380033ECB6 /* PBXTargetDependency */,
			);
			name = WorldWondersTests;
			productName = WorldWondersTests;
			productReference = 88785B4429DD2E380033ECB6 /* WorldWondersTests.xctest */;
			productType = "com.apple.product-type.bundle.unit-test";
		};
		88785B4D29DD2E380033ECB6 /* WorldWondersUITests */ = {
			isa = PBXNativeTarget;
			buildConfigurationList = 88785B5E29DD2E380033ECB6 /* Build configuration list for PBXNativeTarget "WorldWondersUITests" */;
			buildPhases = (
				E26934455F116A9D5259DA6F /* [CP] Check Pods Manifest.lock */,
				88785B4A29DD2E380033ECB6 /* Sources */,
				88785B4B29DD2E380033ECB6 /* Frameworks */,
				88785B4C29DD2E380033ECB6 /* Resources */,
				83546605B62ED0FC31C5CA2F /* [CP] Embed Pods Frameworks */,
			);
			buildRules = (
			);
			dependencies = (
				88785B5029DD2E380033ECB6 /* PBXTargetDependency */,
			);
			name = WorldWondersUITests;
			productName = WorldWondersUITests;
			productReference = 88785B4E29DD2E380033ECB6 /* WorldWondersUITests.xctest */;
			productType = "com.apple.product-type.bundle.ui-testing";
		};
/* End PBXNativeTarget section */

/* Begin PBXProject section */
		88785B2629DD2E370033ECB6 /* Project object */ = {
			isa = PBXProject;
			attributes = {
				BuildIndependentTargetsInParallel = 1;
				LastSwiftUpdateCheck = 1420;
				LastUpgradeCheck = 1420;
				TargetAttributes = {
					88785B2D29DD2E370033ECB6 = {
						CreatedOnToolsVersion = 14.2;
					};
					88785B4329DD2E380033ECB6 = {
						CreatedOnToolsVersion = 14.2;
						TestTargetID = 88785B2D29DD2E370033ECB6;
					};
					88785B4D29DD2E380033ECB6 = {
						CreatedOnToolsVersion = 14.2;
						TestTargetID = 88785B2D29DD2E370033ECB6;
					};
				};
			};
			buildConfigurationList = 88785B2929DD2E370033ECB6 /* Build configuration list for PBXProject "WorldWonders" */;
			compatibilityVersion = "Xcode 14.0";
			developmentRegion = en;
			hasScannedForEncodings = 0;
			knownRegions = (
				en,
				Base,
			);
			mainGroup = 88785B2529DD2E370033ECB6;
			productRefGroup = 88785B2F29DD2E370033ECB6 /* Products */;
			projectDirPath = "";
			projectRoot = "";
			targets = (
				88785B2D29DD2E370033ECB6 /* WorldWonders */,
				88785B4329DD2E380033ECB6 /* WorldWondersTests */,
				88785B4D29DD2E380033ECB6 /* WorldWondersUITests */,
			);
		};
/* End PBXProject section */

/* Begin PBXResourcesBuildPhase section */
		88785B2C29DD2E370033ECB6 /* Resources */ = {
			isa = PBXResourcesBuildPhase;
			buildActionMask = 2147483647;
			files = (
				88785B3E29DD2E380033ECB6 /* LaunchScreen.storyboard in Resources */,
				88785B3B29DD2E380033ECB6 /* Assets.xcassets in Resources */,
				88785B3929DD2E370033ECB6 /* Main.storyboard in Resources */,
			);
			runOnlyForDeploymentPostprocessing = 0;
		};
		88785B4229DD2E380033ECB6 /* Resources */ = {
			isa = PBXResourcesBuildPhase;
			buildActionMask = 2147483647;
			files = (
			);
			runOnlyForDeploymentPostprocessing = 0;
		};
		88785B4C29DD2E380033ECB6 /* Resources */ = {
			isa = PBXResourcesBuildPhase;
			buildActionMask = 2147483647;
			files = (
			);
			runOnlyForDeploymentPostprocessing = 0;
		};
/* End PBXResourcesBuildPhase section */

/* Begin PBXShellScriptBuildPhase section */
		53BAB1FF636EF84A70A9D4B6 /* [CP] Check Pods Manifest.lock */ = {
			isa = PBXShellScriptBuildPhase;
			buildActionMask = 2147483647;
			files = (
			);
			inputFileListPaths = (
			);
			inputPaths = (
				"${PODS_PODFILE_DIR_PATH}/Podfile.lock",
				"${PODS_ROOT}/Manifest.lock",
			);
			name = "[CP] Check Pods Manifest.lock";
			outputFileListPaths = (
			);
			outputPaths = (
				"$(DERIVED_FILE_DIR)/Pods-WorldWonders-checkManifestLockResult.txt",
			);
			runOnlyForDeploymentPostprocessing = 0;
			shellPath = /bin/sh;
			shellScript = "diff \"${PODS_PODFILE_DIR_PATH}/Podfile.lock\" \"${PODS_ROOT}/Manifest.lock\" > /dev/null\nif [ $? != 0 ] ; then\n    # print error to STDERR\n    echo \"error: The sandbox is not in sync with the Podfile.lock. Run 'pod install' or update your CocoaPods installation.\" >&2\n    exit 1\nfi\n# This output is used by Xcode 'outputs' to avoid re-running this script phase.\necho \"SUCCESS\" > \"${SCRIPT_OUTPUT_FILE_0}\"\n";
			showEnvVarsInLog = 0;
		};
		83546605B62ED0FC31C5CA2F /* [CP] Embed Pods Frameworks */ = {
			isa = PBXShellScriptBuildPhase;
			buildActionMask = 2147483647;
			files = (
			);
			inputFileListPaths = (
				"${PODS_ROOT}/Target Support Files/Pods-WorldWonders-WorldWondersUITests/Pods-WorldWonders-WorldWondersUITests-frameworks-${CONFIGURATION}-input-files.xcfilelist",
			);
			name = "[CP] Embed Pods Frameworks";
			outputFileListPaths = (
				"${PODS_ROOT}/Target Support Files/Pods-WorldWonders-WorldWondersUITests/Pods-WorldWonders-WorldWondersUITests-frameworks-${CONFIGURATION}-output-files.xcfilelist",
			);
			runOnlyForDeploymentPostprocessing = 0;
			shellPath = /bin/sh;
			shellScript = "\"${PODS_ROOT}/Target Support Files/Pods-WorldWonders-WorldWondersUITests/Pods-WorldWonders-WorldWondersUITests-frameworks.sh\"\n";
			showEnvVarsInLog = 0;
		};
		984A5FF94372B72F73C41C74 /* [CP] Embed Pods Frameworks */ = {
			isa = PBXShellScriptBuildPhase;
			buildActionMask = 2147483647;
			files = (
			);
			inputFileListPaths = (
				"${PODS_ROOT}/Target Support Files/Pods-WorldWonders/Pods-WorldWonders-frameworks-${CONFIGURATION}-input-files.xcfilelist",
			);
			name = "[CP] Embed Pods Frameworks";
			outputFileListPaths = (
				"${PODS_ROOT}/Target Support Files/Pods-WorldWonders/Pods-WorldWonders-frameworks-${CONFIGURATION}-output-files.xcfilelist",
			);
			runOnlyForDeploymentPostprocessing = 0;
			shellPath = /bin/sh;
			shellScript = "\"${PODS_ROOT}/Target Support Files/Pods-WorldWonders/Pods-WorldWonders-frameworks.sh\"\n";
			showEnvVarsInLog = 0;
		};
		E26934455F116A9D5259DA6F /* [CP] Check Pods Manifest.lock */ = {
			isa = PBXShellScriptBuildPhase;
			buildActionMask = 2147483647;
			files = (
			);
			inputFileListPaths = (
			);
			inputPaths = (
				"${PODS_PODFILE_DIR_PATH}/Podfile.lock",
				"${PODS_ROOT}/Manifest.lock",
			);
			name = "[CP] Check Pods Manifest.lock";
			outputFileListPaths = (
			);
			outputPaths = (
				"$(DERIVED_FILE_DIR)/Pods-WorldWonders-WorldWondersUITests-checkManifestLockResult.txt",
			);
			runOnlyForDeploymentPostprocessing = 0;
			shellPath = /bin/sh;
			shellScript = "diff \"${PODS_PODFILE_DIR_PATH}/Podfile.lock\" \"${PODS_ROOT}/Manifest.lock\" > /dev/null\nif [ $? != 0 ] ; then\n    # print error to STDERR\n    echo \"error: The sandbox is not in sync with the Podfile.lock. Run 'pod install' or update your CocoaPods installation.\" >&2\n    exit 1\nfi\n# This output is used by Xcode 'outputs' to avoid re-running this script phase.\necho \"SUCCESS\" > \"${SCRIPT_OUTPUT_FILE_0}\"\n";
			showEnvVarsInLog = 0;
		};
		EA55B8FF900766B7B1DD29D0 /* [CP] Check Pods Manifest.lock */ = {
			isa = PBXShellScriptBuildPhase;
			buildActionMask = 2147483647;
			files = (
			);
			inputFileListPaths = (
			);
			inputPaths = (
				"${PODS_PODFILE_DIR_PATH}/Podfile.lock",
				"${PODS_ROOT}/Manifest.lock",
			);
			name = "[CP] Check Pods Manifest.lock";
			outputFileListPaths = (
			);
			outputPaths = (
				"$(DERIVED_FILE_DIR)/Pods-WorldWondersTests-checkManifestLockResult.txt",
			);
			runOnlyForDeploymentPostprocessing = 0;
			shellPath = /bin/sh;
			shellScript = "diff \"${PODS_PODFILE_DIR_PATH}/Podfile.lock\" \"${PODS_ROOT}/Manifest.lock\" > /dev/null\nif [ $? != 0 ] ; then\n    # print error to STDERR\n    echo \"error: The sandbox is not in sync with the Podfile.lock. Run 'pod install' or update your CocoaPods installation.\" >&2\n    exit 1\nfi\n# This output is used by Xcode 'outputs' to avoid re-running this script phase.\necho \"SUCCESS\" > \"${SCRIPT_OUTPUT_FILE_0}\"\n";
			showEnvVarsInLog = 0;
		};
/* End PBXShellScriptBuildPhase section */

/* Begin PBXSourcesBuildPhase section */
		88785B2A29DD2E370033ECB6 /* Sources */ = {
			isa = PBXSourcesBuildPhase;
			buildActionMask = 2147483647;
			files = (
				88785B3629DD2E370033ECB6 /* ViewController.swift in Sources */,
				88785B3229DD2E370033ECB6 /* AppDelegate.swift in Sources */,
				88785B3429DD2E370033ECB6 /* SceneDelegate.swift in Sources */,
				88785B6429DE93980033ECB6 /* WonderTableViewCell.swift in Sources */,
				88785B6229DE93700033ECB6 /* TableViewController.swift in Sources */,
				88785B6629DE97BF0033ECB6 /* WorldWonder.swift in Sources */,
			);
			runOnlyForDeploymentPostprocessing = 0;
		};
		88785B4029DD2E380033ECB6 /* Sources */ = {
			isa = PBXSourcesBuildPhase;
			buildActionMask = 2147483647;
			files = (
				88785B4929DD2E380033ECB6 /* WorldWondersTests.swift in Sources */,
			);
			runOnlyForDeploymentPostprocessing = 0;
		};
		88785B4A29DD2E380033ECB6 /* Sources */ = {
			isa = PBXSourcesBuildPhase;
			buildActionMask = 2147483647;
			files = (
				88785B5529DD2E380033ECB6 /* WorldWondersUITestsLaunchTests.swift in Sources */,
				88785B5329DD2E380033ECB6 /* WorldWondersUITests.swift in Sources */,
			);
			runOnlyForDeploymentPostprocessing = 0;
		};
/* End PBXSourcesBuildPhase section */

/* Begin PBXTargetDependency section */
		88785B4629DD2E380033ECB6 /* PBXTargetDependency */ = {
			isa = PBXTargetDependency;
			target = 88785B2D29DD2E370033ECB6 /* WorldWonders */;
			targetProxy = 88785B4529DD2E380033ECB6 /* PBXContainerItemProxy */;
		};
		88785B5029DD2E380033ECB6 /* PBXTargetDependency */ = {
			isa = PBXTargetDependency;
			target = 88785B2D29DD2E370033ECB6 /* WorldWonders */;
			targetProxy = 88785B4F29DD2E380033ECB6 /* PBXContainerItemProxy */;
		};
/* End PBXTargetDependency section */

/* Begin PBXVariantGroup section */
		88785B3729DD2E370033ECB6 /* Main.storyboard */ = {
			isa = PBXVariantGroup;
			children = (
				88785B3829DD2E370033ECB6 /* Base */,
			);
			name = Main.storyboard;
			sourceTree = "<group>";
		};
		88785B3C29DD2E380033ECB6 /* LaunchScreen.storyboard */ = {
			isa = PBXVariantGroup;
			children = (
				88785B3D29DD2E380033ECB6 /* Base */,
			);
			name = LaunchScreen.storyboard;
			sourceTree = "<group>";
		};
/* End PBXVariantGroup section */

/* Begin XCBuildConfiguration section */
		88785B5629DD2E380033ECB6 /* Debug */ = {
			isa = XCBuildConfiguration;
			buildSettings = {
				ALWAYS_SEARCH_USER_PATHS = NO;
				CLANG_ANALYZER_NONNULL = YES;
				CLANG_ANALYZER_NUMBER_OBJECT_CONVERSION = YES_AGGRESSIVE;
				CLANG_CXX_LANGUAGE_STANDARD = "gnu++20";
				CLANG_ENABLE_MODULES = YES;
				CLANG_ENABLE_OBJC_ARC = YES;
				CLANG_ENABLE_OBJC_WEAK = YES;
				CLANG_WARN_BLOCK_CAPTURE_AUTORELEASING = YES;
				CLANG_WARN_BOOL_CONVERSION = YES;
				CLANG_WARN_COMMA = YES;
				CLANG_WARN_CONSTANT_CONVERSION = YES;
				CLANG_WARN_DEPRECATED_OBJC_IMPLEMENTATIONS = YES;
				CLANG_WARN_DIRECT_OBJC_ISA_USAGE = YES_ERROR;
				CLANG_WARN_DOCUMENTATION_COMMENTS = YES;
				CLANG_WARN_EMPTY_BODY = YES;
				CLANG_WARN_ENUM_CONVERSION = YES;
				CLANG_WARN_INFINITE_RECURSION = YES;
				CLANG_WARN_INT_CONVERSION = YES;
				CLANG_WARN_NON_LITERAL_NULL_CONVERSION = YES;
				CLANG_WARN_OBJC_IMPLICIT_RETAIN_SELF = YES;
				CLANG_WARN_OBJC_LITERAL_CONVERSION = YES;
				CLANG_WARN_OBJC_ROOT_CLASS = YES_ERROR;
				CLANG_WARN_QUOTED_INCLUDE_IN_FRAMEWORK_HEADER = YES;
				CLANG_WARN_RANGE_LOOP_ANALYSIS = YES;
				CLANG_WARN_STRICT_PROTOTYPES = YES;
				CLANG_WARN_SUSPICIOUS_MOVE = YES;
				CLANG_WARN_UNGUARDED_AVAILABILITY = YES_AGGRESSIVE;
				CLANG_WARN_UNREACHABLE_CODE = YES;
				CLANG_WARN__DUPLICATE_METHOD_MATCH = YES;
				COPY_PHASE_STRIP = NO;
				DEBUG_INFORMATION_FORMAT = dwarf;
				ENABLE_STRICT_OBJC_MSGSEND = YES;
				ENABLE_TESTABILITY = YES;
				GCC_C_LANGUAGE_STANDARD = gnu11;
				GCC_DYNAMIC_NO_PIC = NO;
				GCC_NO_COMMON_BLOCKS = YES;
				GCC_OPTIMIZATION_LEVEL = 0;
				GCC_PREPROCESSOR_DEFINITIONS = (
					"DEBUG=1",
					"$(inherited)",
				);
				GCC_WARN_64_TO_32_BIT_CONVERSION = YES;
				GCC_WARN_ABOUT_RETURN_TYPE = YES_ERROR;
				GCC_WARN_UNDECLARED_SELECTOR = YES;
				GCC_WARN_UNINITIALIZED_AUTOS = YES_AGGRESSIVE;
				GCC_WARN_UNUSED_FUNCTION = YES;
				GCC_WARN_UNUSED_VARIABLE = YES;
				IPHONEOS_DEPLOYMENT_TARGET = 16.2;
				MTL_ENABLE_DEBUG_INFO = INCLUDE_SOURCE;
				MTL_FAST_MATH = YES;
				ONLY_ACTIVE_ARCH = YES;
				SDKROOT = iphoneos;
				SWIFT_ACTIVE_COMPILATION_CONDITIONS = DEBUG;
				SWIFT_OPTIMIZATION_LEVEL = "-Onone";
			};
			name = Debug;
		};
		88785B5729DD2E380033ECB6 /* Release */ = {
			isa = XCBuildConfiguration;
			buildSettings = {
				ALWAYS_SEARCH_USER_PATHS = NO;
				CLANG_ANALYZER_NONNULL = YES;
				CLANG_ANALYZER_NUMBER_OBJECT_CONVERSION = YES_AGGRESSIVE;
				CLANG_CXX_LANGUAGE_STANDARD = "gnu++20";
				CLANG_ENABLE_MODULES = YES;
				CLANG_ENABLE_OBJC_ARC = YES;
				CLANG_ENABLE_OBJC_WEAK = YES;
				CLANG_WARN_BLOCK_CAPTURE_AUTORELEASING = YES;
				CLANG_WARN_BOOL_CONVERSION = YES;
				CLANG_WARN_COMMA = YES;
				CLANG_WARN_CONSTANT_CONVERSION = YES;
				CLANG_WARN_DEPRECATED_OBJC_IMPLEMENTATIONS = YES;
				CLANG_WARN_DIRECT_OBJC_ISA_USAGE = YES_ERROR;
				CLANG_WARN_DOCUMENTATION_COMMENTS = YES;
				CLANG_WARN_EMPTY_BODY = YES;
				CLANG_WARN_ENUM_CONVERSION = YES;
				CLANG_WARN_INFINITE_RECURSION = YES;
				CLANG_WARN_INT_CONVERSION = YES;
				CLANG_WARN_NON_LITERAL_NULL_CONVERSION = YES;
				CLANG_WARN_OBJC_IMPLICIT_RETAIN_SELF = YES;
				CLANG_WARN_OBJC_LITERAL_CONVERSION = YES;
				CLANG_WARN_OBJC_ROOT_CLASS = YES_ERROR;
				CLANG_WARN_QUOTED_INCLUDE_IN_FRAMEWORK_HEADER = YES;
				CLANG_WARN_RANGE_LOOP_ANALYSIS = YES;
				CLANG_WARN_STRICT_PROTOTYPES = YES;
				CLANG_WARN_SUSPICIOUS_MOVE = YES;
				CLANG_WARN_UNGUARDED_AVAILABILITY = YES_AGGRESSIVE;
				CLANG_WARN_UNREACHABLE_CODE = YES;
				CLANG_WARN__DUPLICATE_METHOD_MATCH = YES;
				COPY_PHASE_STRIP = NO;
				DEBUG_INFORMATION_FORMAT = "dwarf-with-dsym";
				ENABLE_NS_ASSERTIONS = NO;
				ENABLE_STRICT_OBJC_MSGSEND = YES;
				GCC_C_LANGUAGE_STANDARD = gnu11;
				GCC_NO_COMMON_BLOCKS = YES;
				GCC_WARN_64_TO_32_BIT_CONVERSION = YES;
				GCC_WARN_ABOUT_RETURN_TYPE = YES_ERROR;
				GCC_WARN_UNDECLARED_SELECTOR = YES;
				GCC_WARN_UNINITIALIZED_AUTOS = YES_AGGRESSIVE;
				GCC_WARN_UNUSED_FUNCTION = YES;
				GCC_WARN_UNUSED_VARIABLE = YES;
				IPHONEOS_DEPLOYMENT_TARGET = 16.2;
				MTL_ENABLE_DEBUG_INFO = NO;
				MTL_FAST_MATH = YES;
				SDKROOT = iphoneos;
				SWIFT_COMPILATION_MODE = wholemodule;
				SWIFT_OPTIMIZATION_LEVEL = "-O";
				VALIDATE_PRODUCT = YES;
			};
			name = Release;
		};
		88785B5929DD2E380033ECB6 /* Debug */ = {
			isa = XCBuildConfiguration;
			baseConfigurationReference = 2F34F0BF6265791CF78DADE5 /* Pods-WorldWonders.debug.xcconfig */;
			buildSettings = {
				ASSETCATALOG_COMPILER_APPICON_NAME = AppIcon;
				ASSETCATALOG_COMPILER_GLOBAL_ACCENT_COLOR_NAME = AccentColor;
				CODE_SIGN_STYLE = Automatic;
				CURRENT_PROJECT_VERSION = 1;
				GENERATE_INFOPLIST_FILE = YES;
				INFOPLIST_FILE = WorldWonders/Info.plist;
				INFOPLIST_KEY_UIApplicationSupportsIndirectInputEvents = YES;
				INFOPLIST_KEY_UILaunchStoryboardName = LaunchScreen;
				INFOPLIST_KEY_UIMainStoryboardFile = Main;
				INFOPLIST_KEY_UISupportedInterfaceOrientations_iPad = "UIInterfaceOrientationPortrait UIInterfaceOrientationPortraitUpsideDown UIInterfaceOrientationLandscapeLeft UIInterfaceOrientationLandscapeRight";
				INFOPLIST_KEY_UISupportedInterfaceOrientations_iPhone = "UIInterfaceOrientationPortrait UIInterfaceOrientationLandscapeLeft UIInterfaceOrientationLandscapeRight";
				LD_RUNPATH_SEARCH_PATHS = (
					"$(inherited)",
					"@executable_path/Frameworks",
				);
				MARKETING_VERSION = 1.0;
				PRODUCT_BUNDLE_IDENTIFIER = technodom.WorldWonders;
				PRODUCT_NAME = "$(TARGET_NAME)";
				SWIFT_EMIT_LOC_STRINGS = YES;
				SWIFT_VERSION = 5.0;
				TARGETED_DEVICE_FAMILY = "1,2";
			};
			name = Debug;
		};
		88785B5A29DD2E380033ECB6 /* Release */ = {
			isa = XCBuildConfiguration;
			baseConfigurationReference = EABB54C1EDF01838F10772EA /* Pods-WorldWonders.release.xcconfig */;
			buildSettings = {
				ASSETCATALOG_COMPILER_APPICON_NAME = AppIcon;
				ASSETCATALOG_COMPILER_GLOBAL_ACCENT_COLOR_NAME = AccentColor;
				CODE_SIGN_STYLE = Automatic;
				CURRENT_PROJECT_VERSION = 1;
				GENERATE_INFOPLIST_FILE = YES;
				INFOPLIST_FILE = WorldWonders/Info.plist;
				INFOPLIST_KEY_UIApplicationSupportsIndirectInputEvents = YES;
				INFOPLIST_KEY_UILaunchStoryboardName = LaunchScreen;
				INFOPLIST_KEY_UIMainStoryboardFile = Main;
				INFOPLIST_KEY_UISupportedInterfaceOrientations_iPad = "UIInterfaceOrientationPortrait UIInterfaceOrientationPortraitUpsideDown UIInterfaceOrientationLandscapeLeft UIInterfaceOrientationLandscapeRight";
				INFOPLIST_KEY_UISupportedInterfaceOrientations_iPhone = "UIInterfaceOrientationPortrait UIInterfaceOrientationLandscapeLeft UIInterfaceOrientationLandscapeRight";
				LD_RUNPATH_SEARCH_PATHS = (
					"$(inherited)",
					"@executable_path/Frameworks",
				);
				MARKETING_VERSION = 1.0;
				PRODUCT_BUNDLE_IDENTIFIER = technodom.WorldWonders;
				PRODUCT_NAME = "$(TARGET_NAME)";
				SWIFT_EMIT_LOC_STRINGS = YES;
				SWIFT_VERSION = 5.0;
				TARGETED_DEVICE_FAMILY = "1,2";
			};
			name = Release;
		};
		88785B5C29DD2E380033ECB6 /* Debug */ = {
			isa = XCBuildConfiguration;
			baseConfigurationReference = 34815925002F9798FBE89D7C /* Pods-WorldWondersTests.debug.xcconfig */;
			buildSettings = {
				ALWAYS_EMBED_SWIFT_STANDARD_LIBRARIES = YES;
				BUNDLE_LOADER = "$(TEST_HOST)";
				CODE_SIGN_STYLE = Automatic;
				CURRENT_PROJECT_VERSION = 1;
				GENERATE_INFOPLIST_FILE = YES;
				IPHONEOS_DEPLOYMENT_TARGET = 16.2;
				MARKETING_VERSION = 1.0;
				PRODUCT_BUNDLE_IDENTIFIER = technodom.WorldWondersTests;
				PRODUCT_NAME = "$(TARGET_NAME)";
				SWIFT_EMIT_LOC_STRINGS = NO;
				SWIFT_VERSION = 5.0;
				TARGETED_DEVICE_FAMILY = "1,2";
				TEST_HOST = "$(BUILT_PRODUCTS_DIR)/WorldWonders.app/$(BUNDLE_EXECUTABLE_FOLDER_PATH)/WorldWonders";
			};
			name = Debug;
		};
		88785B5D29DD2E380033ECB6 /* Release */ = {
			isa = XCBuildConfiguration;
			baseConfigurationReference = F263E92DAEABF756D75C0065 /* Pods-WorldWondersTests.release.xcconfig */;
			buildSettings = {
				ALWAYS_EMBED_SWIFT_STANDARD_LIBRARIES = YES;
				BUNDLE_LOADER = "$(TEST_HOST)";
				CODE_SIGN_STYLE = Automatic;
				CURRENT_PROJECT_VERSION = 1;
				GENERATE_INFOPLIST_FILE = YES;
				IPHONEOS_DEPLOYMENT_TARGET = 16.2;
				MARKETING_VERSION = 1.0;
				PRODUCT_BUNDLE_IDENTIFIER = technodom.WorldWondersTests;
				PRODUCT_NAME = "$(TARGET_NAME)";
				SWIFT_EMIT_LOC_STRINGS = NO;
				SWIFT_VERSION = 5.0;
				TARGETED_DEVICE_FAMILY = "1,2";
				TEST_HOST = "$(BUILT_PRODUCTS_DIR)/WorldWonders.app/$(BUNDLE_EXECUTABLE_FOLDER_PATH)/WorldWonders";
			};
			name = Release;
		};
		88785B5F29DD2E380033ECB6 /* Debug */ = {
			isa = XCBuildConfiguration;
			baseConfigurationReference = 1859F6E5B7498C3ABA3C74D5 /* Pods-WorldWonders-WorldWondersUITests.debug.xcconfig */;
			buildSettings = {
				ALWAYS_EMBED_SWIFT_STANDARD_LIBRARIES = YES;
				CODE_SIGN_STYLE = Automatic;
				CURRENT_PROJECT_VERSION = 1;
				GENERATE_INFOPLIST_FILE = YES;
				MARKETING_VERSION = 1.0;
				PRODUCT_BUNDLE_IDENTIFIER = technodom.WorldWondersUITests;
				PRODUCT_NAME = "$(TARGET_NAME)";
				SWIFT_EMIT_LOC_STRINGS = NO;
				SWIFT_VERSION = 5.0;
				TARGETED_DEVICE_FAMILY = "1,2";
				TEST_TARGET_NAME = WorldWonders;
			};
			name = Debug;
		};
		88785B6029DD2E380033ECB6 /* Release */ = {
			isa = XCBuildConfiguration;
			baseConfigurationReference = 206B8BF2D1C848EAEF62A0D9 /* Pods-WorldWonders-WorldWondersUITests.release.xcconfig */;
			buildSettings = {
				ALWAYS_EMBED_SWIFT_STANDARD_LIBRARIES = YES;
				CODE_SIGN_STYLE = Automatic;
				CURRENT_PROJECT_VERSION = 1;
				GENERATE_INFOPLIST_FILE = YES;
				MARKETING_VERSION = 1.0;
				PRODUCT_BUNDLE_IDENTIFIER = technodom.WorldWondersUITests;
				PRODUCT_NAME = "$(TARGET_NAME)";
				SWIFT_EMIT_LOC_STRINGS = NO;
				SWIFT_VERSION = 5.0;
				TARGETED_DEVICE_FAMILY = "1,2";
				TEST_TARGET_NAME = WorldWonders;
			};
			name = Release;
		};
/* End XCBuildConfiguration section */

/* Begin XCConfigurationList section */
		88785B2929DD2E370033ECB6 /* Build configuration list for PBXProject "WorldWonders" */ = {
			isa = XCConfigurationList;
			buildConfigurations = (
				88785B5629DD2E380033ECB6 /* Debug */,
				88785B5729DD2E380033ECB6 /* Release */,
			);
			defaultConfigurationIsVisible = 0;
			defaultConfigurationName = Release;
		};
		88785B5829DD2E380033ECB6 /* Build configuration list for PBXNativeTarget "WorldWonders" */ = {
			isa = XCConfigurationList;
			buildConfigurations = (
				88785B5929DD2E380033ECB6 /* Debug */,
				88785B5A29DD2E380033ECB6 /* Release */,
			);
			defaultConfigurationIsVisible = 0;
			defaultConfigurationName = Release;
		};
		88785B5B29DD2E380033ECB6 /* Build configuration list for PBXNativeTarget "WorldWondersTests" */ = {
			isa = XCConfigurationList;
			buildConfigurations = (
				88785B5C29DD2E380033ECB6 /* Debug */,
				88785B5D29DD2E380033ECB6 /* Release */,
			);
			defaultConfigurationIsVisible = 0;
			defaultConfigurationName = Release;
		};
		88785B5E29DD2E380033ECB6 /* Build configuration list for PBXNativeTarget "WorldWondersUITests" */ = {
			isa = XCConfigurationList;
			buildConfigurations = (
				88785B5F29DD2E380033ECB6 /* Debug */,
				88785B6029DD2E380033ECB6 /* Release */,
			);
			defaultConfigurationIsVisible = 0;
			defaultConfigurationName = Release;
		};
/* End XCConfigurationList section */
	};
	rootObject = 88785B2629DD2E370033ECB6 /* Project object */;
}
